
Microsoft Visual Studio Solution File, Format Version 12.00
# Visual Studio Version 17
VisualStudioVersion = 17.3.32825.248
MinimumVisualStudioVersion = 10.0.40219.1
Project("{FAE04EC0-301F-11D3-BF4B-00C04F79EFBC}") = "MoviesApp", "MoviesApp\MoviesApp.csproj", "{FB4F509A-6676-43FC-B444-28005358CEE3}"
EndProject
Project("{FAE04EC0-301F-11D3-BF4B-00C04F79EFBC}") = "MoviesApp.DataAccess", "MoviesApp.DataAccess\MoviesApp.DataAccess.csproj", "{D5C486C7-DADA-4123-801D-64E9DA60D3D6}"
EndProject
Project("{FAE04EC0-301F-11D3-BF4B-00C04F79EFBC}") = "MoviesApp.DomainModels", "MoviesApp.DomainModels\MoviesApp.DomainModels.csproj", "{F8B657E3-3A14-4AEB-B08C-0324EB269C77}"
EndProject
Project("{FAE04EC0-301F-11D3-BF4B-00C04F79EFBC}") = "MoviesApp.InterfaceModels", "MoviesApp.InterfaceModels\MoviesApp.InterfaceModels.csproj", "{145A1A20-BBE6-441F-91EB-A584BA13FD88}"
EndProject
Project("{FAE04EC0-301F-11D3-BF4B-00C04F79EFBC}") = "MoviesApp.Mappers", "MoviesApp.Mappers\MoviesApp.Mappers.csproj", "{32B06D1F-C00F-4AE8-9462-B76AAB0B5B55}"
EndProject
Project("{FAE04EC0-301F-11D3-BF4B-00C04F79EFBC}") = "MoviesApp.Services", "MoviesApp.Services\MoviesApp.Services.csproj", "{919EE542-D4AD-45E1-BA67-BDDF543E133A}"
EndProject
Project("{FAE04EC0-301F-11D3-BF4B-00C04F79EFBC}") = "MoviesApp.Utilities", "MoviesApp.Utilities\MoviesApp.Utilities.csproj", "{2036A129-D2BB-4B74-9454-759EF352CDB0}"
EndProject
Project("{FAE04EC0-301F-11D3-BF4B-00C04F79EFBC}") = "MoviesApp.Exeptions", "MoviesApp.Exeptions\MoviesApp.Exeptions.csproj", "{45B07C4A-79BD-4714-926D-F2E59405C600}"
EndProject
Global
	GlobalSection(SolutionConfigurationPlatforms) = preSolution
		Debug|Any CPU = Debug|Any CPU
		Release|Any CPU = Release|Any CPU
	EndGlobalSection
	GlobalSection(ProjectConfigurationPlatforms) = postSolution
		{FB4F509A-6676-43FC-B444-28005358CEE3}.Debug|Any CPU.ActiveCfg = Debug|Any CPU
		{FB4F509A-6676-43FC-B444-28005358CEE3}.Debug|Any CPU.Build.0 = Debug|Any CPU
		{FB4F509A-6676-43FC-B444-28005358CEE3}.Release|Any CPU.ActiveCfg = Release|Any CPU
		{FB4F509A-6676-43FC-B444-28005358CEE3}.Release|Any CPU.Build.0 = Release|Any CPU
		{D5C486C7-DADA-4123-801D-64E9DA60D3D6}.Debug|Any CPU.ActiveCfg = Debug|Any CPU
		{D5C486C7-DADA-4123-801D-64E9DA60D3D6}.Debug|Any CPU.Build.0 = Debug|Any CPU
		{D5C486C7-DADA-4123-801D-64E9DA60D3D6}.Release|Any CPU.ActiveCfg = Release|Any CPU
		{D5C486C7-DADA-4123-801D-64E9DA60D3D6}.Release|Any CPU.Build.0 = Release|Any CPU
		{F8B657E3-3A14-4AEB-B08C-0324EB269C77}.Debug|Any CPU.ActiveCfg = Debug|Any CPU
		{F8B657E3-3A14-4AEB-B08C-0324EB269C77}.Debug|Any CPU.Build.0 = Debug|Any CPU
		{F8B657E3-3A14-4AEB-B08C-0324EB269C77}.Release|Any CPU.ActiveCfg = Release|Any CPU
		{F8B657E3-3A14-4AEB-B08C-0324EB269C77}.Release|Any CPU.Build.0 = Release|Any CPU
		{145A1A20-BBE6-441F-91EB-A584BA13FD88}.Debug|Any CPU.ActiveCfg = Debug|Any CPU
		{145A1A20-BBE6-441F-91EB-A584BA13FD88}.Debug|Any CPU.Build.0 = Debug|Any CPU
		{145A1A20-BBE6-441F-91EB-A584BA13FD88}.Release|Any CPU.ActiveCfg = Release|Any CPU
		{145A1A20-BBE6-441F-91EB-A584BA13FD88}.Release|Any CPU.Build.0 = Release|Any CPU
		{32B06D1F-C00F-4AE8-9462-B76AAB0B5B55}.Debug|Any CPU.ActiveCfg = Debug|Any CPU
		{32B06D1F-C00F-4AE8-9462-B76AAB0B5B55}.Debug|Any CPU.Build.0 = Debug|Any CPU
		{32B06D1F-C00F-4AE8-9462-B76AAB0B5B55}.Release|Any CPU.ActiveCfg = Release|Any CPU
		{32B06D1F-C00F-4AE8-9462-B76AAB0B5B55}.Release|Any CPU.Build.0 = Release|Any CPU
		{919EE542-D4AD-45E1-BA67-BDDF543E133A}.Debug|Any CPU.ActiveCfg = Debug|Any CPU
		{919EE542-D4AD-45E1-BA67-BDDF543E133A}.Debug|Any CPU.Build.0 = Debug|Any CPU
		{919EE542-D4AD-45E1-BA67-BDDF543E133A}.Release|Any CPU.ActiveCfg = Release|Any CPU
		{919EE542-D4AD-45E1-BA67-BDDF543E133A}.Release|Any CPU.Build.0 = Release|Any CPU
		{2036A129-D2BB-4B74-9454-759EF352CDB0}.Debug|Any CPU.ActiveCfg = Debug|Any CPU
		{2036A129-D2BB-4B74-9454-759EF352CDB0}.Debug|Any CPU.Build.0 = Debug|Any CPU
		{2036A129-D2BB-4B74-9454-759EF352CDB0}.Release|Any CPU.ActiveCfg = Release|Any CPU
		{2036A129-D2BB-4B74-9454-759EF352CDB0}.Release|Any CPU.Build.0 = Release|Any CPU
		{45B07C4A-79BD-4714-926D-F2E59405C600}.Debug|Any CPU.ActiveCfg = Debug|Any CPU
		{45B07C4A-79BD-4714-926D-F2E59405C600}.Debug|Any CPU.Build.0 = Debug|Any CPU
		{45B07C4A-79BD-4714-926D-F2E59405C600}.Release|Any CPU.ActiveCfg = Release|Any CPU
		{45B07C4A-79BD-4714-926D-F2E59405C600}.Release|Any CPU.Build.0 = Release|Any CPU
	EndGlobalSection
	GlobalSection(SolutionProperties) = preSolution
		HideSolutionNode = FALSE
	EndGlobalSection
	GlobalSection(ExtensibilityGlobals) = postSolution
		SolutionGuid = {5395DA23-83AB-42F1-B6AA-804EDF55B621}
	EndGlobalSection
EndGlobal
